
Microsoft Visual Studio Solution File, Format Version 12.00
# Visual Studio Version 17
VisualStudioVersion = 17.0.31903.59
MinimumVisualStudioVersion = 10.0.40219.1
Project("{2150E333-8FDC-42A3-9474-1A3956D46DE8}") = "ContentManager.Api", "ContentManager.Api", "{8E4577CF-B4BF-48FF-8F25-130F507F5713}"
EndProject
Project("{FAE04EC0-301F-11D3-BF4B-00C04F79EFBC}") = "ContentManager.Api.Web", "ContentManager.Api\Web\ContentManager.Api.Web.csproj", "{5258EFD8-333E-4241-935A-142A26213A36}"
EndProject
Project("{FAE04EC0-301F-11D3-BF4B-00C04F79EFBC}") = "ContentManager.Api.Persistence", "ContentManager.Api\Persistence\ContentManager.Api.Persistence.csproj", "{602A003F-6C89-4667-8046-43EEE9D6E068}"
EndProject
Project("{2150E333-8FDC-42A3-9474-1A3956D46DE8}") = "Contracts", "Contracts", "{9ED1A707-BD95-4900-817E-FD5169F0D77C}"
EndProject
Project("{FAE04EC0-301F-11D3-BF4B-00C04F79EFBC}") = "ContentManager.Api.Contracts.Persistance", "ContentManager.Api\Contracts\Persistance\ContentManager.Api.Contracts.Persistance.csproj", "{4CE062DE-1F56-402C-856A-7002777AC448}"
EndProject
Project("{FAE04EC0-301F-11D3-BF4B-00C04F79EFBC}") = "ContentManager.Api.Contracts.Domain", "ContentManager.Api\Contracts\Domain\ContentManager.Api.Contracts.Domain.csproj", "{880B80F5-A165-4A36-91A6-D1E69034402A}"
EndProject
Project("{FAE04EC0-301F-11D3-BF4B-00C04F79EFBC}") = "ContentManager.Api.Contracts.Application", "ContentManager.Api\Contracts\Application\ContentManager.Api.Contracts.Application.csproj", "{FDA7DED2-A16D-4B9E-B260-89924A4542A4}"
EndProject
Project("{FAE04EC0-301F-11D3-BF4B-00C04F79EFBC}") = "ContentManager.Api.Contracts.Security", "ContentManager.Api\Contracts\Security\ContentManager.Api.Contracts.Security.csproj", "{BF5833D6-56AC-44D8-9EAE-AC0085F32046}"
EndProject
Project("{FAE04EC0-301F-11D3-BF4B-00C04F79EFBC}") = "ContentManager.Api.Security", "ContentManager.Api\Security\ContentManager.Api.Security.csproj", "{D19828B7-7F29-4F7B-A9DF-5EB66F8790D0}"
EndProject
Project("{FAE04EC0-301F-11D3-BF4B-00C04F79EFBC}") = "Helpers", "ContentManager.Api\Helpers\ContentManager.Api.Helpers.csproj", "{EA196A21-CEA3-42E4-A4B5-00A14C301BD9}"
EndProject
Global
	GlobalSection(SolutionConfigurationPlatforms) = preSolution
		Debug|Any CPU = Debug|Any CPU
		Release|Any CPU = Release|Any CPU
	EndGlobalSection
	GlobalSection(ProjectConfigurationPlatforms) = postSolution
		{5258EFD8-333E-4241-935A-142A26213A36}.Debug|Any CPU.ActiveCfg = Debug|Any CPU
		{5258EFD8-333E-4241-935A-142A26213A36}.Debug|Any CPU.Build.0 = Debug|Any CPU
		{5258EFD8-333E-4241-935A-142A26213A36}.Release|Any CPU.ActiveCfg = Release|Any CPU
		{5258EFD8-333E-4241-935A-142A26213A36}.Release|Any CPU.Build.0 = Release|Any CPU
		{602A003F-6C89-4667-8046-43EEE9D6E068}.Debug|Any CPU.ActiveCfg = Debug|Any CPU
		{602A003F-6C89-4667-8046-43EEE9D6E068}.Debug|Any CPU.Build.0 = Debug|Any CPU
		{602A003F-6C89-4667-8046-43EEE9D6E068}.Release|Any CPU.ActiveCfg = Release|Any CPU
		{602A003F-6C89-4667-8046-43EEE9D6E068}.Release|Any CPU.Build.0 = Release|Any CPU
		{4CE062DE-1F56-402C-856A-7002777AC448}.Debug|Any CPU.ActiveCfg = Debug|Any CPU
		{4CE062DE-1F56-402C-856A-7002777AC448}.Debug|Any CPU.Build.0 = Debug|Any CPU
		{4CE062DE-1F56-402C-856A-7002777AC448}.Release|Any CPU.ActiveCfg = Release|Any CPU
		{4CE062DE-1F56-402C-856A-7002777AC448}.Release|Any CPU.Build.0 = Release|Any CPU
		{880B80F5-A165-4A36-91A6-D1E69034402A}.Debug|Any CPU.ActiveCfg = Debug|Any CPU
		{880B80F5-A165-4A36-91A6-D1E69034402A}.Debug|Any CPU.Build.0 = Debug|Any CPU
		{880B80F5-A165-4A36-91A6-D1E69034402A}.Release|Any CPU.ActiveCfg = Release|Any CPU
		{880B80F5-A165-4A36-91A6-D1E69034402A}.Release|Any CPU.Build.0 = Release|Any CPU
		{FDA7DED2-A16D-4B9E-B260-89924A4542A4}.Debug|Any CPU.ActiveCfg = Debug|Any CPU
		{FDA7DED2-A16D-4B9E-B260-89924A4542A4}.Debug|Any CPU.Build.0 = Debug|Any CPU
		{FDA7DED2-A16D-4B9E-B260-89924A4542A4}.Release|Any CPU.ActiveCfg = Release|Any CPU
		{FDA7DED2-A16D-4B9E-B260-89924A4542A4}.Release|Any CPU.Build.0 = Release|Any CPU
		{BF5833D6-56AC-44D8-9EAE-AC0085F32046}.Debug|Any CPU.ActiveCfg = Debug|Any CPU
		{BF5833D6-56AC-44D8-9EAE-AC0085F32046}.Debug|Any CPU.Build.0 = Debug|Any CPU
		{BF5833D6-56AC-44D8-9EAE-AC0085F32046}.Release|Any CPU.ActiveCfg = Release|Any CPU
		{BF5833D6-56AC-44D8-9EAE-AC0085F32046}.Release|Any CPU.Build.0 = Release|Any CPU
		{D19828B7-7F29-4F7B-A9DF-5EB66F8790D0}.Debug|Any CPU.ActiveCfg = Debug|Any CPU
		{D19828B7-7F29-4F7B-A9DF-5EB66F8790D0}.Debug|Any CPU.Build.0 = Debug|Any CPU
		{D19828B7-7F29-4F7B-A9DF-5EB66F8790D0}.Release|Any CPU.ActiveCfg = Release|Any CPU
		{D19828B7-7F29-4F7B-A9DF-5EB66F8790D0}.Release|Any CPU.Build.0 = Release|Any CPU
		{EA196A21-CEA3-42E4-A4B5-00A14C301BD9}.Debug|Any CPU.ActiveCfg = Debug|Any CPU
		{EA196A21-CEA3-42E4-A4B5-00A14C301BD9}.Debug|Any CPU.Build.0 = Debug|Any CPU
		{EA196A21-CEA3-42E4-A4B5-00A14C301BD9}.Release|Any CPU.ActiveCfg = Release|Any CPU
		{EA196A21-CEA3-42E4-A4B5-00A14C301BD9}.Release|Any CPU.Build.0 = Release|Any CPU
	EndGlobalSection
	GlobalSection(SolutionProperties) = preSolution
		HideSolutionNode = FALSE
	EndGlobalSection
	GlobalSection(NestedProjects) = preSolution
		{5258EFD8-333E-4241-935A-142A26213A36} = {8E4577CF-B4BF-48FF-8F25-130F507F5713}
		{602A003F-6C89-4667-8046-43EEE9D6E068} = {8E4577CF-B4BF-48FF-8F25-130F507F5713}
		{9ED1A707-BD95-4900-817E-FD5169F0D77C} = {8E4577CF-B4BF-48FF-8F25-130F507F5713}
		{D19828B7-7F29-4F7B-A9DF-5EB66F8790D0} = {8E4577CF-B4BF-48FF-8F25-130F507F5713}
		{4CE062DE-1F56-402C-856A-7002777AC448} = {9ED1A707-BD95-4900-817E-FD5169F0D77C}
		{880B80F5-A165-4A36-91A6-D1E69034402A} = {9ED1A707-BD95-4900-817E-FD5169F0D77C}
		{FDA7DED2-A16D-4B9E-B260-89924A4542A4} = {9ED1A707-BD95-4900-817E-FD5169F0D77C}
		{BF5833D6-56AC-44D8-9EAE-AC0085F32046} = {9ED1A707-BD95-4900-817E-FD5169F0D77C}
		{EA196A21-CEA3-42E4-A4B5-00A14C301BD9} = {8E4577CF-B4BF-48FF-8F25-130F507F5713}
	EndGlobalSection
EndGlobal
