
Microsoft Visual Studio Solution File, Format Version 12.00
# Visual Studio Version 17
VisualStudioVersion = 17.0.31903.59
MinimumVisualStudioVersion = 10.0.40219.1
Project("{2150E333-8FDC-42A3-9474-1A3956D46DE8}") = "ContentManager.Api", "ContentManager.Api", "{2DB7F446-4B94-4430-8670-E7B24FC8FB9A}"
EndProject
Project("{FAE04EC0-301F-11D3-BF4B-00C04F79EFBC}") = "Web", "ContentManager.Api\Web\Web.csproj", "{52AEB702-4871-4B72-A6E6-0FAB7BC7AC0D}"
EndProject
Project("{FAE04EC0-301F-11D3-BF4B-00C04F79EFBC}") = "Application", "ContentManager.Api\Applicaition\Application.csproj", "{65E1AECF-E3E1-4E64-B0C8-B254C9CDDEB5}"
EndProject
Project("{FAE04EC0-301F-11D3-BF4B-00C04F79EFBC}") = "Infrastructure.FileStorage", "ContentManager.Api\Infrastructure.FileStorage\Infrastructure.FileStorage.csproj", "{D9D2873E-928D-47D9-AB60-B79859B3A1DC}"
EndProject
Project("{FAE04EC0-301F-11D3-BF4B-00C04F79EFBC}") = "Persistence", "ContentManager.Api\Persistence\Persistence.csproj", "{44D8540C-3D0B-4901-A1D3-5D168AE7ED83}"
EndProject
Project("{FAE04EC0-301F-11D3-BF4B-00C04F79EFBC}") = "Security", "ContentManager.Api\Security\Security.csproj", "{286F1435-BAA1-4879-971A-446BCF55A115}"
EndProject
Project("{FAE04EC0-301F-11D3-BF4B-00C04F79EFBC}") = "Presentation", "ContentManager.Api\Presentation\Presentation.csproj", "{62B669C8-BF8B-45E6-9F9C-3F2C1E707C71}"
EndProject
Project("{2150E333-8FDC-42A3-9474-1A3956D46DE8}") = "Contracts", "Contracts", "{1F59C3C4-5E60-42CF-AE07-D360F06DB90E}"
EndProject
Project("{FAE04EC0-301F-11D3-BF4B-00C04F79EFBC}") = "Contracts.Application", "ContentManager.Api\Contracts\Application\Contracts.Application.csproj", "{CB710989-7B95-4F79-A4F8-D03F39337D9A}"
EndProject
Project("{FAE04EC0-301F-11D3-BF4B-00C04F79EFBC}") = "Contracts.Domain", "ContentManager.Api\Contracts\Domain\Contracts.Domain.csproj", "{726D9BA1-0732-4BDB-A6B3-22638146D749}"
EndProject
Project("{FAE04EC0-301F-11D3-BF4B-00C04F79EFBC}") = "Contracts.Infrastructure.FileStorage", "ContentManager.Api\Contracts\Infrastructure.FileStorage\Contracts.Infrastructure.FileStorage.csproj", "{23EC5551-710E-4FB7-863A-78AAADBC3BAB}"
EndProject
Project("{FAE04EC0-301F-11D3-BF4B-00C04F79EFBC}") = "Contracts.Persistance", "ContentManager.Api\Contracts\Persistance\Contracts.Persistance.csproj", "{B6289F3E-CFE3-4D18-8A4E-AED777A82088}"
EndProject
Project("{FAE04EC0-301F-11D3-BF4B-00C04F79EFBC}") = "Contracts.Security", "ContentManager.Api\Contracts\Security\Contracts.Security.csproj", "{16FC5346-8EB0-4B28-8FEF-5E6317D9B322}"
EndProject
Project("{FAE04EC0-301F-11D3-BF4B-00C04F79EFBC}") = "Helpers", "ContentManager.Api\Helpers\Helpers.csproj", "{A12E2BC7-D1F8-4F80-8377-4185EE968A25}"
EndProject
Global
	GlobalSection(SolutionConfigurationPlatforms) = preSolution
		Debug|Any CPU = Debug|Any CPU
		Release|Any CPU = Release|Any CPU
	EndGlobalSection
	GlobalSection(ProjectConfigurationPlatforms) = postSolution
		{52AEB702-4871-4B72-A6E6-0FAB7BC7AC0D}.Debug|Any CPU.ActiveCfg = Debug|Any CPU
		{52AEB702-4871-4B72-A6E6-0FAB7BC7AC0D}.Debug|Any CPU.Build.0 = Debug|Any CPU
		{52AEB702-4871-4B72-A6E6-0FAB7BC7AC0D}.Release|Any CPU.ActiveCfg = Release|Any CPU
		{52AEB702-4871-4B72-A6E6-0FAB7BC7AC0D}.Release|Any CPU.Build.0 = Release|Any CPU
		{65E1AECF-E3E1-4E64-B0C8-B254C9CDDEB5}.Debug|Any CPU.ActiveCfg = Debug|Any CPU
		{65E1AECF-E3E1-4E64-B0C8-B254C9CDDEB5}.Debug|Any CPU.Build.0 = Debug|Any CPU
		{65E1AECF-E3E1-4E64-B0C8-B254C9CDDEB5}.Release|Any CPU.ActiveCfg = Release|Any CPU
		{65E1AECF-E3E1-4E64-B0C8-B254C9CDDEB5}.Release|Any CPU.Build.0 = Release|Any CPU
		{D9D2873E-928D-47D9-AB60-B79859B3A1DC}.Debug|Any CPU.ActiveCfg = Debug|Any CPU
		{D9D2873E-928D-47D9-AB60-B79859B3A1DC}.Debug|Any CPU.Build.0 = Debug|Any CPU
		{D9D2873E-928D-47D9-AB60-B79859B3A1DC}.Release|Any CPU.ActiveCfg = Release|Any CPU
		{D9D2873E-928D-47D9-AB60-B79859B3A1DC}.Release|Any CPU.Build.0 = Release|Any CPU
		{44D8540C-3D0B-4901-A1D3-5D168AE7ED83}.Debug|Any CPU.ActiveCfg = Debug|Any CPU
		{44D8540C-3D0B-4901-A1D3-5D168AE7ED83}.Debug|Any CPU.Build.0 = Debug|Any CPU
		{44D8540C-3D0B-4901-A1D3-5D168AE7ED83}.Release|Any CPU.ActiveCfg = Release|Any CPU
		{44D8540C-3D0B-4901-A1D3-5D168AE7ED83}.Release|Any CPU.Build.0 = Release|Any CPU
		{286F1435-BAA1-4879-971A-446BCF55A115}.Debug|Any CPU.ActiveCfg = Debug|Any CPU
		{286F1435-BAA1-4879-971A-446BCF55A115}.Debug|Any CPU.Build.0 = Debug|Any CPU
		{286F1435-BAA1-4879-971A-446BCF55A115}.Release|Any CPU.ActiveCfg = Release|Any CPU
		{286F1435-BAA1-4879-971A-446BCF55A115}.Release|Any CPU.Build.0 = Release|Any CPU
		{62B669C8-BF8B-45E6-9F9C-3F2C1E707C71}.Debug|Any CPU.ActiveCfg = Debug|Any CPU
		{62B669C8-BF8B-45E6-9F9C-3F2C1E707C71}.Debug|Any CPU.Build.0 = Debug|Any CPU
		{62B669C8-BF8B-45E6-9F9C-3F2C1E707C71}.Release|Any CPU.ActiveCfg = Release|Any CPU
		{62B669C8-BF8B-45E6-9F9C-3F2C1E707C71}.Release|Any CPU.Build.0 = Release|Any CPU
		{CB710989-7B95-4F79-A4F8-D03F39337D9A}.Debug|Any CPU.ActiveCfg = Debug|Any CPU
		{CB710989-7B95-4F79-A4F8-D03F39337D9A}.Debug|Any CPU.Build.0 = Debug|Any CPU
		{CB710989-7B95-4F79-A4F8-D03F39337D9A}.Release|Any CPU.ActiveCfg = Release|Any CPU
		{CB710989-7B95-4F79-A4F8-D03F39337D9A}.Release|Any CPU.Build.0 = Release|Any CPU
		{726D9BA1-0732-4BDB-A6B3-22638146D749}.Debug|Any CPU.ActiveCfg = Debug|Any CPU
		{726D9BA1-0732-4BDB-A6B3-22638146D749}.Debug|Any CPU.Build.0 = Debug|Any CPU
		{726D9BA1-0732-4BDB-A6B3-22638146D749}.Release|Any CPU.ActiveCfg = Release|Any CPU
		{726D9BA1-0732-4BDB-A6B3-22638146D749}.Release|Any CPU.Build.0 = Release|Any CPU
		{23EC5551-710E-4FB7-863A-78AAADBC3BAB}.Debug|Any CPU.ActiveCfg = Debug|Any CPU
		{23EC5551-710E-4FB7-863A-78AAADBC3BAB}.Debug|Any CPU.Build.0 = Debug|Any CPU
		{23EC5551-710E-4FB7-863A-78AAADBC3BAB}.Release|Any CPU.ActiveCfg = Release|Any CPU
		{23EC5551-710E-4FB7-863A-78AAADBC3BAB}.Release|Any CPU.Build.0 = Release|Any CPU
		{B6289F3E-CFE3-4D18-8A4E-AED777A82088}.Debug|Any CPU.ActiveCfg = Debug|Any CPU
		{B6289F3E-CFE3-4D18-8A4E-AED777A82088}.Debug|Any CPU.Build.0 = Debug|Any CPU
		{B6289F3E-CFE3-4D18-8A4E-AED777A82088}.Release|Any CPU.ActiveCfg = Release|Any CPU
		{B6289F3E-CFE3-4D18-8A4E-AED777A82088}.Release|Any CPU.Build.0 = Release|Any CPU
		{16FC5346-8EB0-4B28-8FEF-5E6317D9B322}.Debug|Any CPU.ActiveCfg = Debug|Any CPU
		{16FC5346-8EB0-4B28-8FEF-5E6317D9B322}.Debug|Any CPU.Build.0 = Debug|Any CPU
		{16FC5346-8EB0-4B28-8FEF-5E6317D9B322}.Release|Any CPU.ActiveCfg = Release|Any CPU
		{16FC5346-8EB0-4B28-8FEF-5E6317D9B322}.Release|Any CPU.Build.0 = Release|Any CPU
		{A12E2BC7-D1F8-4F80-8377-4185EE968A25}.Debug|Any CPU.ActiveCfg = Debug|Any CPU
		{A12E2BC7-D1F8-4F80-8377-4185EE968A25}.Debug|Any CPU.Build.0 = Debug|Any CPU
		{A12E2BC7-D1F8-4F80-8377-4185EE968A25}.Release|Any CPU.ActiveCfg = Release|Any CPU
		{A12E2BC7-D1F8-4F80-8377-4185EE968A25}.Release|Any CPU.Build.0 = Release|Any CPU
	EndGlobalSection
	GlobalSection(SolutionProperties) = preSolution
		HideSolutionNode = FALSE
	EndGlobalSection
	GlobalSection(NestedProjects) = preSolution
		{52AEB702-4871-4B72-A6E6-0FAB7BC7AC0D} = {2DB7F446-4B94-4430-8670-E7B24FC8FB9A}
		{65E1AECF-E3E1-4E64-B0C8-B254C9CDDEB5} = {2DB7F446-4B94-4430-8670-E7B24FC8FB9A}
		{D9D2873E-928D-47D9-AB60-B79859B3A1DC} = {2DB7F446-4B94-4430-8670-E7B24FC8FB9A}
		{44D8540C-3D0B-4901-A1D3-5D168AE7ED83} = {2DB7F446-4B94-4430-8670-E7B24FC8FB9A}
		{286F1435-BAA1-4879-971A-446BCF55A115} = {2DB7F446-4B94-4430-8670-E7B24FC8FB9A}
		{62B669C8-BF8B-45E6-9F9C-3F2C1E707C71} = {2DB7F446-4B94-4430-8670-E7B24FC8FB9A}
		{1F59C3C4-5E60-42CF-AE07-D360F06DB90E} = {2DB7F446-4B94-4430-8670-E7B24FC8FB9A}
		{CB710989-7B95-4F79-A4F8-D03F39337D9A} = {1F59C3C4-5E60-42CF-AE07-D360F06DB90E}
		{726D9BA1-0732-4BDB-A6B3-22638146D749} = {1F59C3C4-5E60-42CF-AE07-D360F06DB90E}
		{23EC5551-710E-4FB7-863A-78AAADBC3BAB} = {1F59C3C4-5E60-42CF-AE07-D360F06DB90E}
		{B6289F3E-CFE3-4D18-8A4E-AED777A82088} = {1F59C3C4-5E60-42CF-AE07-D360F06DB90E}
		{16FC5346-8EB0-4B28-8FEF-5E6317D9B322} = {1F59C3C4-5E60-42CF-AE07-D360F06DB90E}
		{A12E2BC7-D1F8-4F80-8377-4185EE968A25} = {2DB7F446-4B94-4430-8670-E7B24FC8FB9A}
	EndGlobalSection
EndGlobal
